
Microsoft Visual Studio Solution File, Format Version 12.00
# Visual Studio Version 17
VisualStudioVersion = 17.14.36121.58 d17.14
MinimumVisualStudioVersion = 10.0.40219.1
Project("{FAE04EC0-301F-11D3-BF4B-00C04F79EFBC}") = "Projeto PROGVIII", "Projeto PROGVIII.csproj", "{B4E4E770-69D7-47AC-9F7D-900533BCB540}"
EndProject
Global
	GlobalSection(SolutionConfigurationPlatforms) = preSolution
		Debug|Any CPU = Debug|Any CPU
		Release|Any CPU = Release|Any CPU
	EndGlobalSection
	GlobalSection(ProjectConfigurationPlatforms) = postSolution
		{B4E4E770-69D7-47AC-9F7D-900533BCB540}.Debug|Any CPU.ActiveCfg = Debug|Any CPU
		{B4E4E770-69D7-47AC-9F7D-900533BCB540}.Debug|Any CPU.Build.0 = Debug|Any CPU
		{B4E4E770-69D7-47AC-9F7D-900533BCB540}.Release|Any CPU.ActiveCfg = Release|Any CPU
		{B4E4E770-69D7-47AC-9F7D-900533BCB540}.Release|Any CPU.Build.0 = Release|Any CPU
	EndGlobalSection
	GlobalSection(SolutionProperties) = preSolution
		HideSolutionNode = FALSE
	EndGlobalSection
	GlobalSection(ExtensibilityGlobals) = postSolution
		SolutionGuid = {CD572700-B166-404A-B665-3FA8AC7178D3}
	EndGlobalSection
EndGlobal
